// !$*UTF8*$!
{
	archiveVersion = 1;
	classes = {
	};
	objectVersion = 46;
	objects = {

/* Begin PBXBuildFile section */
		C73B8260176FA8D4007C0FE6 /* section1.png in Resources */ = {isa = PBXBuildFile; fileRef = C73B825F176FA8D4007C0FE6 /* section1.png */; };
		C73B8264176FAD2F007C0FE6 /* section2.png in Resources */ = {isa = PBXBuildFile; fileRef = C73B8263176FAD2F007C0FE6 /* section2.png */; };
		C73E19A31773AE010004BB0A /* GameOver.mm in Sources */ = {isa = PBXBuildFile; fileRef = C73E19A21773AE010004BB0A /* GameOver.mm */; };
		C73E19A71773B2660004BB0A /* Roboto.ttf in Resources */ = {isa = PBXBuildFile; fileRef = C73E19A61773B2650004BB0A /* Roboto.ttf */; };
		C74659FD177A205200DB24E7 /* PowerupBorder-hd.png in Resources */ = {isa = PBXBuildFile; fileRef = C74659FB177A205200DB24E7 /* PowerupBorder-hd.png */; };
		C74659FE177A205200DB24E7 /* PowerupBorder.png in Resources */ = {isa = PBXBuildFile; fileRef = C74659FC177A205200DB24E7 /* PowerupBorder.png */; };
		C7465A01177A364400DB24E7 /* StartMenuLayer.mm in Sources */ = {isa = PBXBuildFile; fileRef = C7465A00177A364400DB24E7 /* StartMenuLayer.mm */; };
		C758BB561774EABF005106E7 /* ship3-hd.png in Resources */ = {isa = PBXBuildFile; fileRef = C758BB501774EABF005106E7 /* ship3-hd.png */; };
		C758BB571774EABF005106E7 /* ship2-hd.png in Resources */ = {isa = PBXBuildFile; fileRef = C758BB511774EABF005106E7 /* ship2-hd.png */; };
		C758BB581774EABF005106E7 /* ship1-hd.png in Resources */ = {isa = PBXBuildFile; fileRef = C758BB521774EABF005106E7 /* ship1-hd.png */; };
		C758BB591774EABF005106E7 /* ship1.png in Resources */ = {isa = PBXBuildFile; fileRef = C758BB531774EABF005106E7 /* ship1.png */; };
		C758BB5A1774EABF005106E7 /* ship2.png in Resources */ = {isa = PBXBuildFile; fileRef = C758BB541774EABF005106E7 /* ship2.png */; };
		C758BB5B1774EABF005106E7 /* ship3.png in Resources */ = {isa = PBXBuildFile; fileRef = C758BB551774EABF005106E7 /* ship3.png */; };
		C758BB5E17750061005106E7 /* expldata.plist in Resources */ = {isa = PBXBuildFile; fileRef = C758BB5C17750061005106E7 /* expldata.plist */; };
		C758BB5F17750061005106E7 /* expldata.png in Resources */ = {isa = PBXBuildFile; fileRef = C758BB5D17750061005106E7 /* expldata.png */; };
		C771177B1778D11500EB508B /* PipeDream.ttf in Resources */ = {isa = PBXBuildFile; fileRef = C771177A1778D11500EB508B /* PipeDream.ttf */; };
		C771177D1778DA3300EB508B /* ship-hd.png in Resources */ = {isa = PBXBuildFile; fileRef = C771177C1778DA3300EB508B /* ship-hd.png */; };
		C771177F1778DFF800EB508B /* fire.png in Resources */ = {isa = PBXBuildFile; fileRef = C771177E1778DFF800EB508B /* fire.png */; };
		C77117821778F98800EB508B /* pause-hd.png in Resources */ = {isa = PBXBuildFile; fileRef = C77117801778F98800EB508B /* pause-hd.png */; };
		C77117831778F98800EB508B /* pause.png in Resources */ = {isa = PBXBuildFile; fileRef = C77117811778F98800EB508B /* pause.png */; };
		C77117861778FB1100EB508B /* PauseLayer.mm in Sources */ = {isa = PBXBuildFile; fileRef = C77117851778FB1100EB508B /* PauseLayer.mm */; };
		C7945153176FB3AE0053FB62 /* section3.png in Resources */ = {isa = PBXBuildFile; fileRef = C7945152176FB3AE0053FB62 /* section3.png */; };
		C7945158176FB6480053FB62 /* border-hd.png in Resources */ = {isa = PBXBuildFile; fileRef = C7945154176FB6480053FB62 /* border-hd.png */; };
		C7945159176FB6480053FB62 /* section1-hd.png in Resources */ = {isa = PBXBuildFile; fileRef = C7945155176FB6480053FB62 /* section1-hd.png */; };
		C794515A176FB6480053FB62 /* section2-hd.png in Resources */ = {isa = PBXBuildFile; fileRef = C7945156176FB6480053FB62 /* section2-hd.png */; };
		C794515B176FB6480053FB62 /* section3-hd.png in Resources */ = {isa = PBXBuildFile; fileRef = C7945157176FB6480053FB62 /* section3-hd.png */; };
		C794515D176FC8EB0053FB62 /* border.png in Resources */ = {isa = PBXBuildFile; fileRef = C794515C176FC8EB0053FB62 /* border.png */; };
		C7F1D722177E1AAB000FEE67 /* LeaderBoardPlayer.m in Sources */ = {isa = PBXBuildFile; fileRef = C7F1D721177E1AAB000FEE67 /* LeaderBoardPlayer.m */; };
		C7F1D725177E495F000FEE67 /* StoreLayer.mm in Sources */ = {isa = PBXBuildFile; fileRef = C7F1D724177E495F000FEE67 /* StoreLayer.mm */; };
		C7FC27F5177CBD04000B5D59 /* Accounts.framework in Frameworks */ = {isa = PBXBuildFile; fileRef = C7FC27F4177CBD04000B5D59 /* Accounts.framework */; settings = {ATTRIBUTES = (Weak, ); }; };
		C7FC27F7177CBD0E000B5D59 /* AdSupport.framework in Frameworks */ = {isa = PBXBuildFile; fileRef = C7FC27F6177CBD0E000B5D59 /* AdSupport.framework */; settings = {ATTRIBUTES = (Weak, ); }; };
		C7FC27F9177CBD18000B5D59 /* CFNetwork.framework in Frameworks */ = {isa = PBXBuildFile; fileRef = C7FC27F8177CBD18000B5D59 /* CFNetwork.framework */; };
		C7FC27FB177CBD21000B5D59 /* CoreTelephony.framework in Frameworks */ = {isa = PBXBuildFile; fileRef = C7FC27FA177CBD21000B5D59 /* CoreTelephony.framework */; };
		C7FC27FD177CBD2E000B5D59 /* libicucore.dylib in Frameworks */ = {isa = PBXBuildFile; fileRef = C7FC27FC177CBD2E000B5D59 /* libicucore.dylib */; };
		C7FC27FF177CBD5B000B5D59 /* MessageUI.framework in Frameworks */ = {isa = PBXBuildFile; fileRef = C7FC27FE177CBD5B000B5D59 /* MessageUI.framework */; };
		C7FC2801177CBD64000B5D59 /* Security.framework in Frameworks */ = {isa = PBXBuildFile; fileRef = C7FC2800177CBD64000B5D59 /* Security.framework */; };
		C7FC2803177CBD6C000B5D59 /* Social.framework in Frameworks */ = {isa = PBXBuildFile; fileRef = C7FC2802177CBD6C000B5D59 /* Social.framework */; settings = {ATTRIBUTES = (Weak, ); }; };
		C7FC2805177CBD75000B5D59 /* StoreKit.framework in Frameworks */ = {isa = PBXBuildFile; fileRef = C7FC2804177CBD75000B5D59 /* StoreKit.framework */; };
		C7FC2807177CBD7D000B5D59 /* SystemConfiguration.framework in Frameworks */ = {isa = PBXBuildFile; fileRef = C7FC2806177CBD7D000B5D59 /* SystemConfiguration.framework */; };
		C7FC2809177CBD84000B5D59 /* Twitter.framework in Frameworks */ = {isa = PBXBuildFile; fileRef = C7FC2808177CBD84000B5D59 /* Twitter.framework */; settings = {ATTRIBUTES = (Weak, ); }; };
		C7FC2842177CC2CB000B5D59 /* mgwuSDK.framework in Frameworks */ = {isa = PBXBuildFile; fileRef = C7FC280D177CC2CB000B5D59 /* mgwuSDK.framework */; };
		C7FC2843177CC2CB000B5D59 /* aqua.png in Resources */ = {isa = PBXBuildFile; fileRef = C7FC280F177CC2CB000B5D59 /* aqua.png */; };
		C7FC2844177CC2CB000B5D59 /* bluechatbubble.png in Resources */ = {isa = PBXBuildFile; fileRef = C7FC2810177CC2CB000B5D59 /* bluechatbubble.png */; };
		C7FC2845177CC2CB000B5D59 /* CrossPromoViewController.nib in Resources */ = {isa = PBXBuildFile; fileRef = C7FC2811177CC2CB000B5D59 /* CrossPromoViewController.nib */; };
		C7FC2846177CC2CB000B5D59 /* FacebookIcon.png in Resources */ = {isa = PBXBuildFile; fileRef = C7FC2812177CC2CB000B5D59 /* FacebookIcon.png */; };
		C7FC2847177CC2CB000B5D59 /* FacebookSDKResources.bundle in Resources */ = {isa = PBXBuildFile; fileRef = C7FC2813177CC2CB000B5D59 /* FacebookSDKResources.bundle */; };
		C7FC2848177CC2CB000B5D59 /* fb_connect.png in Resources */ = {isa = PBXBuildFile; fileRef = C7FC2814177CC2CB000B5D59 /* fb_connect.png */; };
		C7FC2849177CC2CB000B5D59 /* FBLoginBackgroundLandscape.png in Resources */ = {isa = PBXBuildFile; fileRef = C7FC2815177CC2CB000B5D59 /* FBLoginBackgroundLandscape.png */; };
		C7FC284A177CC2CB000B5D59 /* FBLoginBackgroundLandscape@2x.png in Resources */ = {isa = PBXBuildFile; fileRef = C7FC2816177CC2CB000B5D59 /* FBLoginBackgroundLandscape@2x.png */; };
		C7FC284B177CC2CB000B5D59 /* FBLoginBackgroundLandscapeDark.png in Resources */ = {isa = PBXBuildFile; fileRef = C7FC2817177CC2CB000B5D59 /* FBLoginBackgroundLandscapeDark.png */; };
		C7FC284C177CC2CB000B5D59 /* FBLoginBackgroundPortrait.png in Resources */ = {isa = PBXBuildFile; fileRef = C7FC2818177CC2CB000B5D59 /* FBLoginBackgroundPortrait.png */; };
		C7FC284D177CC2CB000B5D59 /* FBLoginBackgroundPortrait@2x.png in Resources */ = {isa = PBXBuildFile; fileRef = C7FC2819177CC2CB000B5D59 /* FBLoginBackgroundPortrait@2x.png */; };
		C7FC284E177CC2CB000B5D59 /* FBLoginBackgroundPortraitDark.png in Resources */ = {isa = PBXBuildFile; fileRef = C7FC281A177CC2CB000B5D59 /* FBLoginBackgroundPortraitDark.png */; };
		C7FC284F177CC2CB000B5D59 /* FBLoginButton.png in Resources */ = {isa = PBXBuildFile; fileRef = C7FC281B177CC2CB000B5D59 /* FBLoginButton.png */; };
		C7FC2850177CC2CB000B5D59 /* FBLoginButton@2x.png in Resources */ = {isa = PBXBuildFile; fileRef = C7FC281C177CC2CB000B5D59 /* FBLoginButton@2x.png */; };
		C7FC2851177CC2CB000B5D59 /* FBLoginButtonPressed.png in Resources */ = {isa = PBXBuildFile; fileRef = C7FC281D177CC2CB000B5D59 /* FBLoginButtonPressed.png */; };
		C7FC2852177CC2CB000B5D59 /* FBLoginButtonPressed@2x.png in Resources */ = {isa = PBXBuildFile; fileRef = C7FC281E177CC2CB000B5D59 /* FBLoginButtonPressed@2x.png */; };
		C7FC2853177CC2CB000B5D59 /* FBNoThanksButton.png in Resources */ = {isa = PBXBuildFile; fileRef = C7FC281F177CC2CB000B5D59 /* FBNoThanksButton.png */; };
		C7FC2854177CC2CB000B5D59 /* FBNoThanksButton@2x.png in Resources */ = {isa = PBXBuildFile; fileRef = C7FC2820177CC2CB000B5D59 /* FBNoThanksButton@2x.png */; };
		C7FC2855177CC2CB000B5D59 /* FBNoThanksButtonPressed.png in Resources */ = {isa = PBXBuildFile; fileRef = C7FC2821177CC2CB000B5D59 /* FBNoThanksButtonPressed.png */; };
		C7FC2856177CC2CB000B5D59 /* FBNoThanksButtonPressed@2x.png in Resources */ = {isa = PBXBuildFile; fileRef = C7FC2822177CC2CB000B5D59 /* FBNoThanksButtonPressed@2x.png */; };
		C7FC2857177CC2CB000B5D59 /* green.png in Resources */ = {isa = PBXBuildFile; fileRef = C7FC2823177CC2CB000B5D59 /* green.png */; };
		C7FC2858177CC2CB000B5D59 /* grey-background.png in Resources */ = {isa = PBXBuildFile; fileRef = C7FC2824177CC2CB000B5D59 /* grey-background.png */; };
		C7FC2859177CC2CB000B5D59 /* hipmob.back.btn.png in Resources */ = {isa = PBXBuildFile; fileRef = C7FC2825177CC2CB000B5D59 /* hipmob.back.btn.png */; };
		C7FC285A177CC2CB000B5D59 /* hipmob.send.png in Resources */ = {isa = PBXBuildFile; fileRef = C7FC2826177CC2CB000B5D59 /* hipmob.send.png */; };
		C7FC285B177CC2CB000B5D59 /* hipmobsend_field.png in Resources */ = {isa = PBXBuildFile; fileRef = C7FC2827177CC2CB000B5D59 /* hipmobsend_field.png */; };
		C7FC285C177CC2CB000B5D59 /* hipmobsend_field@2x.png in Resources */ = {isa = PBXBuildFile; fileRef = C7FC2828177CC2CB000B5D59 /* hipmobsend_field@2x.png */; };
		C7FC285D177CC2CB000B5D59 /* mgwu-gk-notification.png in Resources */ = {isa = PBXBuildFile; fileRef = C7FC2829177CC2CB000B5D59 /* mgwu-gk-notification.png */; };
		C7FC285E177CC2CB000B5D59 /* mgwu-gk-notification@2x.png in Resources */ = {isa = PBXBuildFile; fileRef = C7FC282A177CC2CB000B5D59 /* mgwu-gk-notification@2x.png */; };
		C7FC285F177CC2CB000B5D59 /* mgwu-m.png in Resources */ = {isa = PBXBuildFile; fileRef = C7FC282B177CC2CB000B5D59 /* mgwu-m.png */; };
		C7FC2860177CC2CB000B5D59 /* mgwu-m@2x.png in Resources */ = {isa = PBXBuildFile; fileRef = C7FC282C177CC2CB000B5D59 /* mgwu-m@2x.png */; };
		C7FC2861177CC2CB000B5D59 /* MGWUClose.png in Resources */ = {isa = PBXBuildFile; fileRef = C7FC282D177CC2CB000B5D59 /* MGWUClose.png */; };
		C7FC2862177CC2CB000B5D59 /* MGWUClose@2x.png in Resources */ = {isa = PBXBuildFile; fileRef = C7FC282E177CC2CB000B5D59 /* MGWUClose@2x.png */; };
		C7FC2863177CC2CB000B5D59 /* MGWUFacebookLoginLandscape.nib in Resources */ = {isa = PBXBuildFile; fileRef = C7FC282F177CC2CB000B5D59 /* MGWUFacebookLoginLandscape.nib */; };
		C7FC2864177CC2CB000B5D59 /* MGWUFacebookLoginLandscapeDark.nib in Resources */ = {isa = PBXBuildFile; fileRef = C7FC2830177CC2CB000B5D59 /* MGWUFacebookLoginLandscapeDark.nib */; };
		C7FC2865177CC2CB000B5D59 /* MGWUFacebookLoginPortrait.nib in Resources */ = {isa = PBXBuildFile; fileRef = C7FC2831177CC2CB000B5D59 /* MGWUFacebookLoginPortrait.nib */; };
		C7FC2866177CC2CB000B5D59 /* MGWUFacebookLoginPortraitDark.nib in Resources */ = {isa = PBXBuildFile; fileRef = C7FC2832177CC2CB000B5D59 /* MGWUFacebookLoginPortraitDark.nib */; };
		C7FC2867177CC2CB000B5D59 /* mgwulogo.png in Resources */ = {isa = PBXBuildFile; fileRef = C7FC2833177CC2CB000B5D59 /* mgwulogo.png */; };
		C7FC2868177CC2CB000B5D59 /* mgwuLogo@2x.png in Resources */ = {isa = PBXBuildFile; fileRef = C7FC2834177CC2CB000B5D59 /* mgwuLogo@2x.png */; };
		C7FC2869177CC2CB000B5D59 /* mgwuLogoDark.png in Resources */ = {isa = PBXBuildFile; fileRef = C7FC2835177CC2CB000B5D59 /* mgwuLogoDark.png */; };
		C7FC286A177CC2CB000B5D59 /* mgwuLogoDark@2x.png in Resources */ = {isa = PBXBuildFile; fileRef = C7FC2836177CC2CB000B5D59 /* mgwuLogoDark@2x.png */; };
		C7FC286B177CC2CB000B5D59 /* mgwuPlaceholderIcon.png in Resources */ = {isa = PBXBuildFile; fileRef = C7FC2837177CC2CB000B5D59 /* mgwuPlaceholderIcon.png */; };
		C7FC286C177CC2CB000B5D59 /* mgwuPlaceholderIcon@2x.png in Resources */ = {isa = PBXBuildFile; fileRef = C7FC2838177CC2CB000B5D59 /* mgwuPlaceholderIcon@2x.png */; };
		C7FC286D177CC2CB000B5D59 /* mgwuPlaceholderIconDark.png in Resources */ = {isa = PBXBuildFile; fileRef = C7FC2839177CC2CB000B5D59 /* mgwuPlaceholderIconDark.png */; };
		C7FC286E177CC2CB000B5D59 /* mgwuPlaceholderIconDark@2x.png in Resources */ = {isa = PBXBuildFile; fileRef = C7FC283A177CC2CB000B5D59 /* mgwuPlaceholderIconDark@2x.png */; };
		C7FC286F177CC2CB000B5D59 /* operator.available.png in Resources */ = {isa = PBXBuildFile; fileRef = C7FC283B177CC2CB000B5D59 /* operator.available.png */; };
		C7FC2870177CC2CB000B5D59 /* operator.connecting.png in Resources */ = {isa = PBXBuildFile; fileRef = C7FC283C177CC2CB000B5D59 /* operator.connecting.png */; };
		C7FC2871177CC2CB000B5D59 /* operator.unavailable.png in Resources */ = {isa = PBXBuildFile; fileRef = C7FC283D177CC2CB000B5D59 /* operator.unavailable.png */; };
		C7FC2872177CC2CB000B5D59 /* send-button-active.png in Resources */ = {isa = PBXBuildFile; fileRef = C7FC283E177CC2CB000B5D59 /* send-button-active.png */; };
		C7FC2873177CC2CB000B5D59 /* send-button-inactive.png in Resources */ = {isa = PBXBuildFile; fileRef = C7FC283F177CC2CB000B5D59 /* send-button-inactive.png */; };
		C7FC2874177CC2CB000B5D59 /* send-button-instate.png in Resources */ = {isa = PBXBuildFile; fileRef = C7FC2840177CC2CB000B5D59 /* send-button-instate.png */; };
		C7FC2875177CC2CB000B5D59 /* send-field-landscape.png in Resources */ = {isa = PBXBuildFile; fileRef = C7FC2841177CC2CB000B5D59 /* send-field-landscape.png */; };
		C7FC2877177CD756000B5D59 /* Spacera.ttf in Resources */ = {isa = PBXBuildFile; fileRef = C7FC2876177CD756000B5D59 /* Spacera.ttf */; };
		C7FC287A177CFC1E000B5D59 /* StatLayer.mm in Sources */ = {isa = PBXBuildFile; fileRef = C7FC2879177CFC1E000B5D59 /* StatLayer.mm */; };
		DC21B88B1511078F00FD4891 /* fps_images-hd.png in Resources */ = {isa = PBXBuildFile; fileRef = DC21B8881511078F00FD4891 /* fps_images-hd.png */; };
		DC21B88C1511078F00FD4891 /* fps_images-ipadhd.png in Resources */ = {isa = PBXBuildFile; fileRef = DC21B8891511078F00FD4891 /* fps_images-ipadhd.png */; };
		DC21B88D1511078F00FD4891 /* fps_images.png in Resources */ = {isa = PBXBuildFile; fileRef = DC21B88A1511078F00FD4891 /* fps_images.png */; };
		DC21B88F1511079900FD4891 /* fps_images.png in Resources */ = {isa = PBXBuildFile; fileRef = DC21B88E1511079900FD4891 /* fps_images.png */; };
		DC27219F160CADFF00D88944 /* Default-568h@2x.png in Resources */ = {isa = PBXBuildFile; fileRef = DC27219E160CADFF00D88944 /* Default-568h@2x.png */; };
		DC2721A8160CAFA600D88944 /* iTunesArtwork in Resources */ = {isa = PBXBuildFile; fileRef = DC2721A7160CAFA600D88944 /* iTunesArtwork */; };
		DC485B1113AA0E5600F2BC70 /* libchipmunk-mac.a in Frameworks */ = {isa = PBXBuildFile; fileRef = DC485B0D13AA0E5600F2BC70 /* libchipmunk-mac.a */; };
		DC485B1713AA0EBB00F2BC70 /* libbox2d-mac.a in Frameworks */ = {isa = PBXBuildFile; fileRef = DC485B1613AA0EBB00F2BC70 /* libbox2d-mac.a */; };
		DC485B4613AA18A600F2BC70 /* libcocosdenshion-mac.a in Frameworks */ = {isa = PBXBuildFile; fileRef = DC485B4513AA18A600F2BC70 /* libcocosdenshion-mac.a */; };
		DC65615C13A969B600A7AC53 /* libbox2d-ios.a in Frameworks */ = {isa = PBXBuildFile; fileRef = DC65615013A969B600A7AC53 /* libbox2d-ios.a */; };
		DC65615D13A969B600A7AC53 /* libchipmunk-ios.a in Frameworks */ = {isa = PBXBuildFile; fileRef = DC65615113A969B600A7AC53 /* libchipmunk-ios.a */; };
		DC65615E13A969B600A7AC53 /* libchipmunk-spacemanager-ios.a in Frameworks */ = {isa = PBXBuildFile; fileRef = DC65615213A969B600A7AC53 /* libchipmunk-spacemanager-ios.a */; };
		DC65616013A969B600A7AC53 /* libcocos2d-extensions-ios.a in Frameworks */ = {isa = PBXBuildFile; fileRef = DC65615413A969B600A7AC53 /* libcocos2d-extensions-ios.a */; };
		DC65616113A969B600A7AC53 /* libcocos2d-ios.a in Frameworks */ = {isa = PBXBuildFile; fileRef = DC65615513A969B600A7AC53 /* libcocos2d-ios.a */; };
		DC65616213A969B600A7AC53 /* libcocos3d-ios.a in Frameworks */ = {isa = PBXBuildFile; fileRef = DC65615613A969B600A7AC53 /* libcocos3d-ios.a */; };
		DC65616313A969B600A7AC53 /* libcocosdenshion-ios.a in Frameworks */ = {isa = PBXBuildFile; fileRef = DC65615713A969B600A7AC53 /* libcocosdenshion-ios.a */; };
		DC65616413A969B600A7AC53 /* libkobold2d-ios.a in Frameworks */ = {isa = PBXBuildFile; fileRef = DC65615813A969B600A7AC53 /* libkobold2d-ios.a */; };
		DC65616513A969B600A7AC53 /* libobjectal-ios.a in Frameworks */ = {isa = PBXBuildFile; fileRef = DC65615913A969B600A7AC53 /* libobjectal-ios.a */; };
		DC65616613A969B600A7AC53 /* libsneakyinput-ios.a in Frameworks */ = {isa = PBXBuildFile; fileRef = DC65615A13A969B600A7AC53 /* libsneakyinput-ios.a */; };
		DC979E3E13B35F8800656CB9 /* libcocos2d-extensions-mac.a in Frameworks */ = {isa = PBXBuildFile; fileRef = DC979E3D13B35F8800656CB9 /* libcocos2d-extensions-mac.a */; };
		DC979E5A13B3607E00656CB9 /* libchipmunk-spacemanager-mac.a in Frameworks */ = {isa = PBXBuildFile; fileRef = DC979E5913B3607E00656CB9 /* libchipmunk-spacemanager-mac.a */; };
		DCC1A0FA13A94ED5005BD75D /* Default.png in Resources */ = {isa = PBXBuildFile; fileRef = DCC1A0F913A94ED5005BD75D /* Default.png */; };
		DCC1A0FE13A94ED5005BD75D /* Icon-72.png in Resources */ = {isa = PBXBuildFile; fileRef = DCC1A0FD13A94ED5005BD75D /* Icon-72.png */; };
		DCC1A10013A94ED5005BD75D /* Icon-Small-50.png in Resources */ = {isa = PBXBuildFile; fileRef = DCC1A0FF13A94ED5005BD75D /* Icon-Small-50.png */; };
		DCC1A10213A94ED5005BD75D /* Icon-Small.png in Resources */ = {isa = PBXBuildFile; fileRef = DCC1A10113A94ED5005BD75D /* Icon-Small.png */; };
		DCC1A10413A94ED5005BD75D /* Icon-Small@2x.png in Resources */ = {isa = PBXBuildFile; fileRef = DCC1A10313A94ED5005BD75D /* Icon-Small@2x.png */; };
		DCC1A10613A94ED5005BD75D /* Icon.png in Resources */ = {isa = PBXBuildFile; fileRef = DCC1A10513A94ED5005BD75D /* Icon.png */; };
		DCC1A10813A94ED5005BD75D /* Icon@2x.png in Resources */ = {isa = PBXBuildFile; fileRef = DCC1A10713A94ED5005BD75D /* Icon@2x.png */; };
		DCC1A26913A94EE6005BD75D /* InfoPlist.strings in Resources */ = {isa = PBXBuildFile; fileRef = DCC1A26713A94EE6005BD75D /* InfoPlist.strings */; };
		DCC1A26C13A94EE6005BD75D /* MainMenu.xib in Resources */ = {isa = PBXBuildFile; fileRef = DCC1A26A13A94EE6005BD75D /* MainMenu.xib */; };
		DCC1A27013A94EE6005BD75D /* icon.icns in Resources */ = {isa = PBXBuildFile; fileRef = DCC1A26F13A94EE6005BD75D /* icon.icns */; };
		DCC1A3A913A94F1A005BD75D /* AppDelegate.m in Sources */ = {isa = PBXBuildFile; fileRef = DCC1A38E13A94F1A005BD75D /* AppDelegate.m */; };
		DCC1A3AA13A94F1A005BD75D /* AppDelegate.m in Sources */ = {isa = PBXBuildFile; fileRef = DCC1A38E13A94F1A005BD75D /* AppDelegate.m */; };
		DCC1A3AB13A94F1A005BD75D /* HelloWorldLayer.mm in Sources */ = {isa = PBXBuildFile; fileRef = DCC1A39013A94F1A005BD75D /* HelloWorldLayer.mm */; };
		DCC1A3AC13A94F1A005BD75D /* HelloWorldLayer.mm in Sources */ = {isa = PBXBuildFile; fileRef = DCC1A39013A94F1A005BD75D /* HelloWorldLayer.mm */; };
		DCC1A3AD13A94F1A005BD75D /* main.m in Sources */ = {isa = PBXBuildFile; fileRef = DCC1A39113A94F1A005BD75D /* main.m */; };
		DCC1A3AE13A94F1A005BD75D /* main.m in Sources */ = {isa = PBXBuildFile; fileRef = DCC1A39113A94F1A005BD75D /* main.m */; };
		DCC1A3AF13A94F1A005BD75D /* config.lua in Resources */ = {isa = PBXBuildFile; fileRef = DCC1A39513A94F1A005BD75D /* config.lua */; };
		DCC1A3B013A94F1A005BD75D /* config.lua in Resources */ = {isa = PBXBuildFile; fileRef = DCC1A39513A94F1A005BD75D /* config.lua */; };
		DCF95CD213A97EC500AE3B80 /* libcocos2d-mac.a in Frameworks */ = {isa = PBXBuildFile; fileRef = DCF95CC913A97EC500AE3B80 /* libcocos2d-mac.a */; };
		DCF95CD413A97EC500AE3B80 /* libkobold2d-mac.a in Frameworks */ = {isa = PBXBuildFile; fileRef = DCF95CCB13A97EC500AE3B80 /* libkobold2d-mac.a */; };
/* End PBXBuildFile section */

/* Begin PBXFileReference section */
		C73B825F176FA8D4007C0FE6 /* section1.png */ = {isa = PBXFileReference; lastKnownFileType = image.png; path = section1.png; sourceTree = "<group>"; };
		C73B8263176FAD2F007C0FE6 /* section2.png */ = {isa = PBXFileReference; lastKnownFileType = image.png; path = section2.png; sourceTree = "<group>"; };
		C73E19A11773AE010004BB0A /* GameOver.h */ = {isa = PBXFileReference; fileEncoding = 4; lastKnownFileType = sourcecode.c.h; path = GameOver.h; sourceTree = "<group>"; };
		C73E19A21773AE010004BB0A /* GameOver.mm */ = {isa = PBXFileReference; fileEncoding = 4; lastKnownFileType = sourcecode.cpp.objcpp; path = GameOver.mm; sourceTree = "<group>"; };
		C73E19A61773B2650004BB0A /* Roboto.ttf */ = {isa = PBXFileReference; lastKnownFileType = file; path = Roboto.ttf; sourceTree = "<group>"; };
		C74659FB177A205200DB24E7 /* PowerupBorder-hd.png */ = {isa = PBXFileReference; lastKnownFileType = image.png; path = "PowerupBorder-hd.png"; sourceTree = "<group>"; };
		C74659FC177A205200DB24E7 /* PowerupBorder.png */ = {isa = PBXFileReference; lastKnownFileType = image.png; path = PowerupBorder.png; sourceTree = "<group>"; };
		C74659FF177A364400DB24E7 /* StartMenuLayer.h */ = {isa = PBXFileReference; fileEncoding = 4; lastKnownFileType = sourcecode.c.h; path = StartMenuLayer.h; sourceTree = "<group>"; };
		C7465A00177A364400DB24E7 /* StartMenuLayer.mm */ = {isa = PBXFileReference; fileEncoding = 4; lastKnownFileType = sourcecode.cpp.objcpp; path = StartMenuLayer.mm; sourceTree = "<group>"; };
		C758BB501774EABF005106E7 /* ship3-hd.png */ = {isa = PBXFileReference; lastKnownFileType = image.png; path = "ship3-hd.png"; sourceTree = "<group>"; };
		C758BB511774EABF005106E7 /* ship2-hd.png */ = {isa = PBXFileReference; lastKnownFileType = image.png; path = "ship2-hd.png"; sourceTree = "<group>"; };
		C758BB521774EABF005106E7 /* ship1-hd.png */ = {isa = PBXFileReference; lastKnownFileType = image.png; path = "ship1-hd.png"; sourceTree = "<group>"; };
		C758BB531774EABF005106E7 /* ship1.png */ = {isa = PBXFileReference; lastKnownFileType = image.png; path = ship1.png; sourceTree = "<group>"; };
		C758BB541774EABF005106E7 /* ship2.png */ = {isa = PBXFileReference; lastKnownFileType = image.png; path = ship2.png; sourceTree = "<group>"; };
		C758BB551774EABF005106E7 /* ship3.png */ = {isa = PBXFileReference; lastKnownFileType = image.png; path = ship3.png; sourceTree = "<group>"; };
		C758BB5C17750061005106E7 /* expldata.plist */ = {isa = PBXFileReference; fileEncoding = 4; lastKnownFileType = text.plist.xml; path = expldata.plist; sourceTree = "<group>"; };
		C758BB5D17750061005106E7 /* expldata.png */ = {isa = PBXFileReference; lastKnownFileType = image.png; path = expldata.png; sourceTree = "<group>"; };
		C771177A1778D11500EB508B /* PipeDream.ttf */ = {isa = PBXFileReference; lastKnownFileType = file; path = PipeDream.ttf; sourceTree = "<group>"; };
		C771177C1778DA3300EB508B /* ship-hd.png */ = {isa = PBXFileReference; lastKnownFileType = image.png; path = "ship-hd.png"; sourceTree = "<group>"; };
		C771177E1778DFF800EB508B /* fire.png */ = {isa = PBXFileReference; lastKnownFileType = image.png; path = fire.png; sourceTree = "<group>"; };
		C77117801778F98800EB508B /* pause-hd.png */ = {isa = PBXFileReference; lastKnownFileType = image.png; path = "pause-hd.png"; sourceTree = "<group>"; };
		C77117811778F98800EB508B /* pause.png */ = {isa = PBXFileReference; lastKnownFileType = image.png; path = pause.png; sourceTree = "<group>"; };
		C77117841778FB1100EB508B /* PauseLayer.h */ = {isa = PBXFileReference; fileEncoding = 4; lastKnownFileType = sourcecode.c.h; path = PauseLayer.h; sourceTree = "<group>"; };
		C77117851778FB1100EB508B /* PauseLayer.mm */ = {isa = PBXFileReference; fileEncoding = 4; lastKnownFileType = sourcecode.cpp.objcpp; path = PauseLayer.mm; sourceTree = "<group>"; };
		C7945152176FB3AE0053FB62 /* section3.png */ = {isa = PBXFileReference; lastKnownFileType = image.png; path = section3.png; sourceTree = "<group>"; };
		C7945154176FB6480053FB62 /* border-hd.png */ = {isa = PBXFileReference; lastKnownFileType = image.png; path = "border-hd.png"; sourceTree = "<group>"; };
		C7945155176FB6480053FB62 /* section1-hd.png */ = {isa = PBXFileReference; lastKnownFileType = image.png; path = "section1-hd.png"; sourceTree = "<group>"; };
		C7945156176FB6480053FB62 /* section2-hd.png */ = {isa = PBXFileReference; lastKnownFileType = image.png; path = "section2-hd.png"; sourceTree = "<group>"; };
		C7945157176FB6480053FB62 /* section3-hd.png */ = {isa = PBXFileReference; lastKnownFileType = image.png; path = "section3-hd.png"; sourceTree = "<group>"; };
		C794515C176FC8EB0053FB62 /* border.png */ = {isa = PBXFileReference; lastKnownFileType = image.png; path = border.png; sourceTree = "<group>"; };
		C7F1D720177E1AAA000FEE67 /* LeaderBoardPlayer.h */ = {isa = PBXFileReference; fileEncoding = 4; lastKnownFileType = sourcecode.c.h; path = LeaderBoardPlayer.h; sourceTree = "<group>"; };
		C7F1D721177E1AAB000FEE67 /* LeaderBoardPlayer.m */ = {isa = PBXFileReference; fileEncoding = 4; lastKnownFileType = sourcecode.c.objc; path = LeaderBoardPlayer.m; sourceTree = "<group>"; };
		C7F1D723177E495F000FEE67 /* StoreLayer.h */ = {isa = PBXFileReference; fileEncoding = 4; lastKnownFileType = sourcecode.c.h; path = StoreLayer.h; sourceTree = "<group>"; };
		C7F1D724177E495F000FEE67 /* StoreLayer.mm */ = {isa = PBXFileReference; fileEncoding = 4; lastKnownFileType = sourcecode.cpp.objcpp; path = StoreLayer.mm; sourceTree = "<group>"; };
		C7FC27F2177CBCE5000B5D59 /* AddressBook.framework */ = {isa = PBXFileReference; lastKnownFileType = wrapper.framework; name = AddressBook.framework; path = Platforms/iPhoneOS.platform/Developer/SDKs/iPhoneOS6.1.sdk/System/Library/Frameworks/AddressBook.framework; sourceTree = DEVELOPER_DIR; };
		C7FC27F4177CBD04000B5D59 /* Accounts.framework */ = {isa = PBXFileReference; lastKnownFileType = wrapper.framework; name = Accounts.framework; path = Platforms/iPhoneOS.platform/Developer/SDKs/iPhoneOS6.1.sdk/System/Library/Frameworks/Accounts.framework; sourceTree = DEVELOPER_DIR; };
		C7FC27F6177CBD0E000B5D59 /* AdSupport.framework */ = {isa = PBXFileReference; lastKnownFileType = wrapper.framework; name = AdSupport.framework; path = Platforms/iPhoneOS.platform/Developer/SDKs/iPhoneOS6.1.sdk/System/Library/Frameworks/AdSupport.framework; sourceTree = DEVELOPER_DIR; };
		C7FC27F8177CBD18000B5D59 /* CFNetwork.framework */ = {isa = PBXFileReference; lastKnownFileType = wrapper.framework; name = CFNetwork.framework; path = Platforms/iPhoneOS.platform/Developer/SDKs/iPhoneOS6.1.sdk/System/Library/Frameworks/CFNetwork.framework; sourceTree = DEVELOPER_DIR; };
		C7FC27FA177CBD21000B5D59 /* CoreTelephony.framework */ = {isa = PBXFileReference; lastKnownFileType = wrapper.framework; name = CoreTelephony.framework; path = Platforms/iPhoneOS.platform/Developer/SDKs/iPhoneOS6.1.sdk/System/Library/Frameworks/CoreTelephony.framework; sourceTree = DEVELOPER_DIR; };
		C7FC27FC177CBD2E000B5D59 /* libicucore.dylib */ = {isa = PBXFileReference; lastKnownFileType = "compiled.mach-o.dylib"; name = libicucore.dylib; path = Platforms/iPhoneOS.platform/Developer/SDKs/iPhoneOS6.1.sdk/usr/lib/libicucore.dylib; sourceTree = DEVELOPER_DIR; };
		C7FC27FE177CBD5B000B5D59 /* MessageUI.framework */ = {isa = PBXFileReference; lastKnownFileType = wrapper.framework; name = MessageUI.framework; path = Platforms/iPhoneOS.platform/Developer/SDKs/iPhoneOS6.1.sdk/System/Library/Frameworks/MessageUI.framework; sourceTree = DEVELOPER_DIR; };
		C7FC2800177CBD64000B5D59 /* Security.framework */ = {isa = PBXFileReference; lastKnownFileType = wrapper.framework; name = Security.framework; path = Platforms/iPhoneOS.platform/Developer/SDKs/iPhoneOS6.1.sdk/System/Library/Frameworks/Security.framework; sourceTree = DEVELOPER_DIR; };
		C7FC2802177CBD6C000B5D59 /* Social.framework */ = {isa = PBXFileReference; lastKnownFileType = wrapper.framework; name = Social.framework; path = Platforms/iPhoneOS.platform/Developer/SDKs/iPhoneOS6.1.sdk/System/Library/Frameworks/Social.framework; sourceTree = DEVELOPER_DIR; };
		C7FC2804177CBD75000B5D59 /* StoreKit.framework */ = {isa = PBXFileReference; lastKnownFileType = wrapper.framework; name = StoreKit.framework; path = Platforms/iPhoneOS.platform/Developer/SDKs/iPhoneOS6.1.sdk/System/Library/Frameworks/StoreKit.framework; sourceTree = DEVELOPER_DIR; };
		C7FC2806177CBD7D000B5D59 /* SystemConfiguration.framework */ = {isa = PBXFileReference; lastKnownFileType = wrapper.framework; name = SystemConfiguration.framework; path = Platforms/iPhoneOS.platform/Developer/SDKs/iPhoneOS6.1.sdk/System/Library/Frameworks/SystemConfiguration.framework; sourceTree = DEVELOPER_DIR; };
		C7FC2808177CBD84000B5D59 /* Twitter.framework */ = {isa = PBXFileReference; lastKnownFileType = wrapper.framework; name = Twitter.framework; path = Platforms/iPhoneOS.platform/Developer/SDKs/iPhoneOS6.1.sdk/System/Library/Frameworks/Twitter.framework; sourceTree = DEVELOPER_DIR; };
		C7FC280D177CC2CB000B5D59 /* mgwuSDK.framework */ = {isa = PBXFileReference; lastKnownFileType = wrapper.framework; path = mgwuSDK.framework; sourceTree = "<group>"; };
		C7FC280F177CC2CB000B5D59 /* aqua.png */ = {isa = PBXFileReference; lastKnownFileType = image.png; path = aqua.png; sourceTree = "<group>"; };
		C7FC2810177CC2CB000B5D59 /* bluechatbubble.png */ = {isa = PBXFileReference; lastKnownFileType = image.png; path = bluechatbubble.png; sourceTree = "<group>"; };
		C7FC2811177CC2CB000B5D59 /* CrossPromoViewController.nib */ = {isa = PBXFileReference; lastKnownFileType = file; path = CrossPromoViewController.nib; sourceTree = "<group>"; };
		C7FC2812177CC2CB000B5D59 /* FacebookIcon.png */ = {isa = PBXFileReference; lastKnownFileType = image.png; path = FacebookIcon.png; sourceTree = "<group>"; };
		C7FC2813177CC2CB000B5D59 /* FacebookSDKResources.bundle */ = {isa = PBXFileReference; lastKnownFileType = "wrapper.plug-in"; path = FacebookSDKResources.bundle; sourceTree = "<group>"; };
		C7FC2814177CC2CB000B5D59 /* fb_connect.png */ = {isa = PBXFileReference; lastKnownFileType = image.png; path = fb_connect.png; sourceTree = "<group>"; };
		C7FC2815177CC2CB000B5D59 /* FBLoginBackgroundLandscape.png */ = {isa = PBXFileReference; lastKnownFileType = image.png; path = FBLoginBackgroundLandscape.png; sourceTree = "<group>"; };
		C7FC2816177CC2CB000B5D59 /* FBLoginBackgroundLandscape@2x.png */ = {isa = PBXFileReference; lastKnownFileType = image.png; path = "FBLoginBackgroundLandscape@2x.png"; sourceTree = "<group>"; };
		C7FC2817177CC2CB000B5D59 /* FBLoginBackgroundLandscapeDark.png */ = {isa = PBXFileReference; lastKnownFileType = image.png; path = FBLoginBackgroundLandscapeDark.png; sourceTree = "<group>"; };
		C7FC2818177CC2CB000B5D59 /* FBLoginBackgroundPortrait.png */ = {isa = PBXFileReference; lastKnownFileType = image.png; path = FBLoginBackgroundPortrait.png; sourceTree = "<group>"; };
		C7FC2819177CC2CB000B5D59 /* FBLoginBackgroundPortrait@2x.png */ = {isa = PBXFileReference; lastKnownFileType = image.png; path = "FBLoginBackgroundPortrait@2x.png"; sourceTree = "<group>"; };
		C7FC281A177CC2CB000B5D59 /* FBLoginBackgroundPortraitDark.png */ = {isa = PBXFileReference; lastKnownFileType = image.png; path = FBLoginBackgroundPortraitDark.png; sourceTree = "<group>"; };
		C7FC281B177CC2CB000B5D59 /* FBLoginButton.png */ = {isa = PBXFileReference; lastKnownFileType = image.png; path = FBLoginButton.png; sourceTree = "<group>"; };
		C7FC281C177CC2CB000B5D59 /* FBLoginButton@2x.png */ = {isa = PBXFileReference; lastKnownFileType = image.png; path = "FBLoginButton@2x.png"; sourceTree = "<group>"; };
		C7FC281D177CC2CB000B5D59 /* FBLoginButtonPressed.png */ = {isa = PBXFileReference; lastKnownFileType = image.png; path = FBLoginButtonPressed.png; sourceTree = "<group>"; };
		C7FC281E177CC2CB000B5D59 /* FBLoginButtonPressed@2x.png */ = {isa = PBXFileReference; lastKnownFileType = image.png; path = "FBLoginButtonPressed@2x.png"; sourceTree = "<group>"; };
		C7FC281F177CC2CB000B5D59 /* FBNoThanksButton.png */ = {isa = PBXFileReference; lastKnownFileType = image.png; path = FBNoThanksButton.png; sourceTree = "<group>"; };
		C7FC2820177CC2CB000B5D59 /* FBNoThanksButton@2x.png */ = {isa = PBXFileReference; lastKnownFileType = image.png; path = "FBNoThanksButton@2x.png"; sourceTree = "<group>"; };
		C7FC2821177CC2CB000B5D59 /* FBNoThanksButtonPressed.png */ = {isa = PBXFileReference; lastKnownFileType = image.png; path = FBNoThanksButtonPressed.png; sourceTree = "<group>"; };
		C7FC2822177CC2CB000B5D59 /* FBNoThanksButtonPressed@2x.png */ = {isa = PBXFileReference; lastKnownFileType = image.png; path = "FBNoThanksButtonPressed@2x.png"; sourceTree = "<group>"; };
		C7FC2823177CC2CB000B5D59 /* green.png */ = {isa = PBXFileReference; lastKnownFileType = image.png; path = green.png; sourceTree = "<group>"; };
		C7FC2824177CC2CB000B5D59 /* grey-background.png */ = {isa = PBXFileReference; lastKnownFileType = image.png; path = "grey-background.png"; sourceTree = "<group>"; };
		C7FC2825177CC2CB000B5D59 /* hipmob.back.btn.png */ = {isa = PBXFileReference; lastKnownFileType = image.png; path = hipmob.back.btn.png; sourceTree = "<group>"; };
		C7FC2826177CC2CB000B5D59 /* hipmob.send.png */ = {isa = PBXFileReference; lastKnownFileType = image.png; path = hipmob.send.png; sourceTree = "<group>"; };
		C7FC2827177CC2CB000B5D59 /* hipmobsend_field.png */ = {isa = PBXFileReference; lastKnownFileType = image.png; path = hipmobsend_field.png; sourceTree = "<group>"; };
		C7FC2828177CC2CB000B5D59 /* hipmobsend_field@2x.png */ = {isa = PBXFileReference; lastKnownFileType = image.png; path = "hipmobsend_field@2x.png"; sourceTree = "<group>"; };
		C7FC2829177CC2CB000B5D59 /* mgwu-gk-notification.png */ = {isa = PBXFileReference; lastKnownFileType = image.png; path = "mgwu-gk-notification.png"; sourceTree = "<group>"; };
		C7FC282A177CC2CB000B5D59 /* mgwu-gk-notification@2x.png */ = {isa = PBXFileReference; lastKnownFileType = image.png; path = "mgwu-gk-notification@2x.png"; sourceTree = "<group>"; };
		C7FC282B177CC2CB000B5D59 /* mgwu-m.png */ = {isa = PBXFileReference; lastKnownFileType = image.png; path = "mgwu-m.png"; sourceTree = "<group>"; };
		C7FC282C177CC2CB000B5D59 /* mgwu-m@2x.png */ = {isa = PBXFileReference; lastKnownFileType = image.png; path = "mgwu-m@2x.png"; sourceTree = "<group>"; };
		C7FC282D177CC2CB000B5D59 /* MGWUClose.png */ = {isa = PBXFileReference; lastKnownFileType = image.png; path = MGWUClose.png; sourceTree = "<group>"; };
		C7FC282E177CC2CB000B5D59 /* MGWUClose@2x.png */ = {isa = PBXFileReference; lastKnownFileType = image.png; path = "MGWUClose@2x.png"; sourceTree = "<group>"; };
		C7FC282F177CC2CB000B5D59 /* MGWUFacebookLoginLandscape.nib */ = {isa = PBXFileReference; lastKnownFileType = file; path = MGWUFacebookLoginLandscape.nib; sourceTree = "<group>"; };
		C7FC2830177CC2CB000B5D59 /* MGWUFacebookLoginLandscapeDark.nib */ = {isa = PBXFileReference; lastKnownFileType = file; path = MGWUFacebookLoginLandscapeDark.nib; sourceTree = "<group>"; };
		C7FC2831177CC2CB000B5D59 /* MGWUFacebookLoginPortrait.nib */ = {isa = PBXFileReference; lastKnownFileType = file; path = MGWUFacebookLoginPortrait.nib; sourceTree = "<group>"; };
		C7FC2832177CC2CB000B5D59 /* MGWUFacebookLoginPortraitDark.nib */ = {isa = PBXFileReference; lastKnownFileType = file; path = MGWUFacebookLoginPortraitDark.nib; sourceTree = "<group>"; };
		C7FC2833177CC2CB000B5D59 /* mgwulogo.png */ = {isa = PBXFileReference; lastKnownFileType = image.png; path = mgwulogo.png; sourceTree = "<group>"; };
		C7FC2834177CC2CB000B5D59 /* mgwuLogo@2x.png */ = {isa = PBXFileReference; lastKnownFileType = image.png; path = "mgwuLogo@2x.png"; sourceTree = "<group>"; };
		C7FC2835177CC2CB000B5D59 /* mgwuLogoDark.png */ = {isa = PBXFileReference; lastKnownFileType = image.png; path = mgwuLogoDark.png; sourceTree = "<group>"; };
		C7FC2836177CC2CB000B5D59 /* mgwuLogoDark@2x.png */ = {isa = PBXFileReference; lastKnownFileType = image.png; path = "mgwuLogoDark@2x.png"; sourceTree = "<group>"; };
		C7FC2837177CC2CB000B5D59 /* mgwuPlaceholderIcon.png */ = {isa = PBXFileReference; lastKnownFileType = image.png; path = mgwuPlaceholderIcon.png; sourceTree = "<group>"; };
		C7FC2838177CC2CB000B5D59 /* mgwuPlaceholderIcon@2x.png */ = {isa = PBXFileReference; lastKnownFileType = image.png; path = "mgwuPlaceholderIcon@2x.png"; sourceTree = "<group>"; };
		C7FC2839177CC2CB000B5D59 /* mgwuPlaceholderIconDark.png */ = {isa = PBXFileReference; lastKnownFileType = image.png; path = mgwuPlaceholderIconDark.png; sourceTree = "<group>"; };
		C7FC283A177CC2CB000B5D59 /* mgwuPlaceholderIconDark@2x.png */ = {isa = PBXFileReference; lastKnownFileType = image.png; path = "mgwuPlaceholderIconDark@2x.png"; sourceTree = "<group>"; };
		C7FC283B177CC2CB000B5D59 /* operator.available.png */ = {isa = PBXFileReference; lastKnownFileType = image.png; path = operator.available.png; sourceTree = "<group>"; };
		C7FC283C177CC2CB000B5D59 /* operator.connecting.png */ = {isa = PBXFileReference; lastKnownFileType = image.png; path = operator.connecting.png; sourceTree = "<group>"; };
		C7FC283D177CC2CB000B5D59 /* operator.unavailable.png */ = {isa = PBXFileReference; lastKnownFileType = image.png; path = operator.unavailable.png; sourceTree = "<group>"; };
		C7FC283E177CC2CB000B5D59 /* send-button-active.png */ = {isa = PBXFileReference; lastKnownFileType = image.png; path = "send-button-active.png"; sourceTree = "<group>"; };
		C7FC283F177CC2CB000B5D59 /* send-button-inactive.png */ = {isa = PBXFileReference; lastKnownFileType = image.png; path = "send-button-inactive.png"; sourceTree = "<group>"; };
		C7FC2840177CC2CB000B5D59 /* send-button-instate.png */ = {isa = PBXFileReference; lastKnownFileType = image.png; path = "send-button-instate.png"; sourceTree = "<group>"; };
		C7FC2841177CC2CB000B5D59 /* send-field-landscape.png */ = {isa = PBXFileReference; lastKnownFileType = image.png; path = "send-field-landscape.png"; sourceTree = "<group>"; };
		C7FC2876177CD756000B5D59 /* Spacera.ttf */ = {isa = PBXFileReference; lastKnownFileType = file; path = Spacera.ttf; sourceTree = "<group>"; };
		C7FC2878177CFC1E000B5D59 /* StatLayer.h */ = {isa = PBXFileReference; fileEncoding = 4; lastKnownFileType = sourcecode.c.h; path = StatLayer.h; sourceTree = "<group>"; };
		C7FC2879177CFC1E000B5D59 /* StatLayer.mm */ = {isa = PBXFileReference; fileEncoding = 4; lastKnownFileType = sourcecode.cpp.objcpp; path = StatLayer.mm; sourceTree = "<group>"; };
		DC21B8881511078F00FD4891 /* fps_images-hd.png */ = {isa = PBXFileReference; lastKnownFileType = image.png; path = "fps_images-hd.png"; sourceTree = "<group>"; };
		DC21B8891511078F00FD4891 /* fps_images-ipadhd.png */ = {isa = PBXFileReference; lastKnownFileType = image.png; path = "fps_images-ipadhd.png"; sourceTree = "<group>"; };
		DC21B88A1511078F00FD4891 /* fps_images.png */ = {isa = PBXFileReference; lastKnownFileType = image.png; path = fps_images.png; sourceTree = "<group>"; };
		DC21B88E1511079900FD4891 /* fps_images.png */ = {isa = PBXFileReference; lastKnownFileType = image.png; name = fps_images.png; path = Resources/fps_images.png; sourceTree = "<group>"; };
		DC27219E160CADFF00D88944 /* Default-568h@2x.png */ = {isa = PBXFileReference; lastKnownFileType = image.png; path = "Default-568h@2x.png"; sourceTree = "<group>"; };
		DC2721A7160CAFA600D88944 /* iTunesArtwork */ = {isa = PBXFileReference; lastKnownFileType = file; path = iTunesArtwork; sourceTree = "<group>"; };
		DC3BE97813B4FB71003739CC /* BuildSettings-iOS.xcconfig */ = {isa = PBXFileReference; lastKnownFileType = text.xcconfig; path = "BuildSettings-iOS.xcconfig"; sourceTree = "<group>"; };
		DC485B0D13AA0E5600F2BC70 /* libchipmunk-mac.a */ = {isa = PBXFileReference; explicitFileType = archive.ar; path = "libchipmunk-mac.a"; sourceTree = BUILT_PRODUCTS_DIR; };
		DC485B1613AA0EBB00F2BC70 /* libbox2d-mac.a */ = {isa = PBXFileReference; explicitFileType = archive.ar; path = "libbox2d-mac.a"; sourceTree = BUILT_PRODUCTS_DIR; };
		DC485B4513AA18A600F2BC70 /* libcocosdenshion-mac.a */ = {isa = PBXFileReference; explicitFileType = archive.ar; path = "libcocosdenshion-mac.a"; sourceTree = BUILT_PRODUCTS_DIR; };
		DC65615013A969B600A7AC53 /* libbox2d-ios.a */ = {isa = PBXFileReference; explicitFileType = archive.ar; path = "libbox2d-ios.a"; sourceTree = BUILT_PRODUCTS_DIR; };
		DC65615113A969B600A7AC53 /* libchipmunk-ios.a */ = {isa = PBXFileReference; explicitFileType = archive.ar; path = "libchipmunk-ios.a"; sourceTree = BUILT_PRODUCTS_DIR; };
		DC65615213A969B600A7AC53 /* libchipmunk-spacemanager-ios.a */ = {isa = PBXFileReference; explicitFileType = archive.ar; path = "libchipmunk-spacemanager-ios.a"; sourceTree = BUILT_PRODUCTS_DIR; };
		DC65615413A969B600A7AC53 /* libcocos2d-extensions-ios.a */ = {isa = PBXFileReference; explicitFileType = archive.ar; path = "libcocos2d-extensions-ios.a"; sourceTree = BUILT_PRODUCTS_DIR; };
		DC65615513A969B600A7AC53 /* libcocos2d-ios.a */ = {isa = PBXFileReference; explicitFileType = archive.ar; path = "libcocos2d-ios.a"; sourceTree = BUILT_PRODUCTS_DIR; };
		DC65615613A969B600A7AC53 /* libcocos3d-ios.a */ = {isa = PBXFileReference; explicitFileType = archive.ar; path = "libcocos3d-ios.a"; sourceTree = BUILT_PRODUCTS_DIR; };
		DC65615713A969B600A7AC53 /* libcocosdenshion-ios.a */ = {isa = PBXFileReference; explicitFileType = archive.ar; path = "libcocosdenshion-ios.a"; sourceTree = BUILT_PRODUCTS_DIR; };
		DC65615813A969B600A7AC53 /* libkobold2d-ios.a */ = {isa = PBXFileReference; explicitFileType = archive.ar; path = "libkobold2d-ios.a"; sourceTree = BUILT_PRODUCTS_DIR; };
		DC65615913A969B600A7AC53 /* libobjectal-ios.a */ = {isa = PBXFileReference; explicitFileType = archive.ar; path = "libobjectal-ios.a"; sourceTree = BUILT_PRODUCTS_DIR; };
		DC65615A13A969B600A7AC53 /* libsneakyinput-ios.a */ = {isa = PBXFileReference; explicitFileType = archive.ar; path = "libsneakyinput-ios.a"; sourceTree = BUILT_PRODUCTS_DIR; };
		DC979E3D13B35F8800656CB9 /* libcocos2d-extensions-mac.a */ = {isa = PBXFileReference; explicitFileType = archive.ar; path = "libcocos2d-extensions-mac.a"; sourceTree = BUILT_PRODUCTS_DIR; };
		DC979E5913B3607E00656CB9 /* libchipmunk-spacemanager-mac.a */ = {isa = PBXFileReference; explicitFileType = archive.ar; path = "libchipmunk-spacemanager-mac.a"; sourceTree = BUILT_PRODUCTS_DIR; };
		DC9C33E713B5024400931BF2 /* BuildSettings-Debug-Mac.xcconfig */ = {isa = PBXFileReference; lastKnownFileType = text.xcconfig; path = "BuildSettings-Debug-Mac.xcconfig"; sourceTree = "<group>"; };
		DC9C33E813B5024400931BF2 /* BuildSettings-Mac.xcconfig */ = {isa = PBXFileReference; lastKnownFileType = text.xcconfig; path = "BuildSettings-Mac.xcconfig"; sourceTree = "<group>"; };
		DC9C33E913B5024400931BF2 /* BuildSettings-Release-Mac.xcconfig */ = {isa = PBXFileReference; lastKnownFileType = text.xcconfig; path = "BuildSettings-Release-Mac.xcconfig"; sourceTree = "<group>"; };
		DCC1A0E313A94ED5005BD75D /* Moon Landing-iOS.app */ = {isa = PBXFileReference; explicitFileType = wrapper.application; includeInIndex = 0; path = "Moon Landing-iOS.app"; sourceTree = BUILT_PRODUCTS_DIR; };
		DCC1A0F913A94ED5005BD75D /* Default.png */ = {isa = PBXFileReference; lastKnownFileType = image.png; path = Default.png; sourceTree = "<group>"; };
		DCC1A0FD13A94ED5005BD75D /* Icon-72.png */ = {isa = PBXFileReference; lastKnownFileType = image.png; path = "Icon-72.png"; sourceTree = "<group>"; };
		DCC1A0FF13A94ED5005BD75D /* Icon-Small-50.png */ = {isa = PBXFileReference; lastKnownFileType = image.png; path = "Icon-Small-50.png"; sourceTree = "<group>"; };
		DCC1A10113A94ED5005BD75D /* Icon-Small.png */ = {isa = PBXFileReference; lastKnownFileType = image.png; path = "Icon-Small.png"; sourceTree = "<group>"; };
		DCC1A10313A94ED5005BD75D /* Icon-Small@2x.png */ = {isa = PBXFileReference; lastKnownFileType = image.png; path = "Icon-Small@2x.png"; sourceTree = "<group>"; };
		DCC1A10513A94ED5005BD75D /* Icon.png */ = {isa = PBXFileReference; lastKnownFileType = image.png; path = Icon.png; sourceTree = "<group>"; };
		DCC1A10713A94ED5005BD75D /* Icon@2x.png */ = {isa = PBXFileReference; lastKnownFileType = image.png; path = "Icon@2x.png"; sourceTree = "<group>"; };
		DCC1A10913A94ED5005BD75D /* Info.plist */ = {isa = PBXFileReference; lastKnownFileType = text.plist.xml; path = Info.plist; sourceTree = "<group>"; };
		DCC1A25A13A94EE6005BD75D /* Moon Landing-Mac.app */ = {isa = PBXFileReference; explicitFileType = wrapper.application; includeInIndex = 0; path = "Moon Landing-Mac.app"; sourceTree = BUILT_PRODUCTS_DIR; };
		DCC1A26813A94EE6005BD75D /* English */ = {isa = PBXFileReference; lastKnownFileType = text.plist.strings; name = English; path = Resources/English.lproj/InfoPlist.strings; sourceTree = "<group>"; };
		DCC1A26B13A94EE6005BD75D /* English */ = {isa = PBXFileReference; lastKnownFileType = file.xib; name = English; path = Resources/English.lproj/MainMenu.xib; sourceTree = "<group>"; };
		DCC1A26F13A94EE6005BD75D /* icon.icns */ = {isa = PBXFileReference; lastKnownFileType = image.icns; name = icon.icns; path = Resources/icon.icns; sourceTree = "<group>"; };
		DCC1A27113A94EE6005BD75D /* Info.plist */ = {isa = PBXFileReference; lastKnownFileType = text.plist.xml; name = Info.plist; path = Resources/Info.plist; sourceTree = "<group>"; };
		DCC1A38D13A94F1A005BD75D /* AppDelegate.h */ = {isa = PBXFileReference; fileEncoding = 4; lastKnownFileType = sourcecode.c.h; path = AppDelegate.h; sourceTree = "<group>"; };
		DCC1A38E13A94F1A005BD75D /* AppDelegate.m */ = {isa = PBXFileReference; fileEncoding = 4; lastKnownFileType = sourcecode.c.objc; path = AppDelegate.m; sourceTree = "<group>"; };
		DCC1A38F13A94F1A005BD75D /* HelloWorldLayer.h */ = {isa = PBXFileReference; fileEncoding = 4; lastKnownFileType = sourcecode.c.h; path = HelloWorldLayer.h; sourceTree = "<group>"; };
		DCC1A39013A94F1A005BD75D /* HelloWorldLayer.mm */ = {isa = PBXFileReference; fileEncoding = 4; lastKnownFileType = sourcecode.cpp.objcpp; path = HelloWorldLayer.mm; sourceTree = "<group>"; };
		DCC1A39113A94F1A005BD75D /* main.m */ = {isa = PBXFileReference; fileEncoding = 4; lastKnownFileType = sourcecode.c.objc; path = main.m; sourceTree = "<group>"; };
		DCC1A39213A94F1A005BD75D /* Prefix-iOS.pch */ = {isa = PBXFileReference; fileEncoding = 4; lastKnownFileType = sourcecode.c.h; path = "Prefix-iOS.pch"; sourceTree = "<group>"; };
		DCC1A39313A94F1A005BD75D /* Prefix-Mac.pch */ = {isa = PBXFileReference; fileEncoding = 4; lastKnownFileType = sourcecode.c.h; path = "Prefix-Mac.pch"; sourceTree = "<group>"; };
		DCC1A39513A94F1A005BD75D /* config.lua */ = {isa = PBXFileReference; explicitFileType = sourcecode.applescript; fileEncoding = 4; path = config.lua; sourceTree = "<group>"; };
		DCF95CC913A97EC500AE3B80 /* libcocos2d-mac.a */ = {isa = PBXFileReference; explicitFileType = archive.ar; path = "libcocos2d-mac.a"; sourceTree = BUILT_PRODUCTS_DIR; };
		DCF95CCB13A97EC500AE3B80 /* libkobold2d-mac.a */ = {isa = PBXFileReference; explicitFileType = archive.ar; path = "libkobold2d-mac.a"; sourceTree = BUILT_PRODUCTS_DIR; };
		DCFA90EF13B4F6F7009DD35A /* BuildSettings-Debug-iOS.xcconfig */ = {isa = PBXFileReference; lastKnownFileType = text.xcconfig; path = "BuildSettings-Debug-iOS.xcconfig"; sourceTree = "<group>"; };
		DCFA90F013B4F811009DD35A /* BuildSettings-Release-iOS.xcconfig */ = {isa = PBXFileReference; lastKnownFileType = text.xcconfig; path = "BuildSettings-Release-iOS.xcconfig"; sourceTree = "<group>"; };
/* End PBXFileReference section */

/* Begin PBXFrameworksBuildPhase section */
		DCC1A0E013A94ED5005BD75D /* Frameworks */ = {
			isa = PBXFrameworksBuildPhase;
			buildActionMask = 2147483647;
			files = (
				C7FC2809177CBD84000B5D59 /* Twitter.framework in Frameworks */,
				C7FC2807177CBD7D000B5D59 /* SystemConfiguration.framework in Frameworks */,
				C7FC2805177CBD75000B5D59 /* StoreKit.framework in Frameworks */,
				C7FC2803177CBD6C000B5D59 /* Social.framework in Frameworks */,
				C7FC2801177CBD64000B5D59 /* Security.framework in Frameworks */,
				C7FC27FF177CBD5B000B5D59 /* MessageUI.framework in Frameworks */,
				C7FC27FD177CBD2E000B5D59 /* libicucore.dylib in Frameworks */,
				C7FC27FB177CBD21000B5D59 /* CoreTelephony.framework in Frameworks */,
				C7FC27F9177CBD18000B5D59 /* CFNetwork.framework in Frameworks */,
				C7FC27F7177CBD0E000B5D59 /* AdSupport.framework in Frameworks */,
				C7FC27F5177CBD04000B5D59 /* Accounts.framework in Frameworks */,
				DC65615C13A969B600A7AC53 /* libbox2d-ios.a in Frameworks */,
				DC65615D13A969B600A7AC53 /* libchipmunk-ios.a in Frameworks */,
				DC65615E13A969B600A7AC53 /* libchipmunk-spacemanager-ios.a in Frameworks */,
				DC65616013A969B600A7AC53 /* libcocos2d-extensions-ios.a in Frameworks */,
				DC65616113A969B600A7AC53 /* libcocos2d-ios.a in Frameworks */,
				DC65616213A969B600A7AC53 /* libcocos3d-ios.a in Frameworks */,
				DC65616313A969B600A7AC53 /* libcocosdenshion-ios.a in Frameworks */,
				DC65616413A969B600A7AC53 /* libkobold2d-ios.a in Frameworks */,
				DC65616513A969B600A7AC53 /* libobjectal-ios.a in Frameworks */,
				DC65616613A969B600A7AC53 /* libsneakyinput-ios.a in Frameworks */,
				C7FC2842177CC2CB000B5D59 /* mgwuSDK.framework in Frameworks */,
			);
			runOnlyForDeploymentPostprocessing = 0;
		};
		DCC1A25713A94EE6005BD75D /* Frameworks */ = {
			isa = PBXFrameworksBuildPhase;
			buildActionMask = 2147483647;
			files = (
				DC979E5A13B3607E00656CB9 /* libchipmunk-spacemanager-mac.a in Frameworks */,
				DC979E3E13B35F8800656CB9 /* libcocos2d-extensions-mac.a in Frameworks */,
				DC485B4613AA18A600F2BC70 /* libcocosdenshion-mac.a in Frameworks */,
				DC485B1713AA0EBB00F2BC70 /* libbox2d-mac.a in Frameworks */,
				DC485B1113AA0E5600F2BC70 /* libchipmunk-mac.a in Frameworks */,
				DCF95CD213A97EC500AE3B80 /* libcocos2d-mac.a in Frameworks */,
				DCF95CD413A97EC500AE3B80 /* libkobold2d-mac.a in Frameworks */,
			);
			runOnlyForDeploymentPostprocessing = 0;
		};
/* End PBXFrameworksBuildPhase section */

/* Begin PBXGroup section */
		C7FC280C177CC2CB000B5D59 /* mgwuSDK.embeddedframework */ = {
			isa = PBXGroup;
			children = (
				C7FC280D177CC2CB000B5D59 /* mgwuSDK.framework */,
				C7FC280E177CC2CB000B5D59 /* Resources */,
			);
			path = mgwuSDK.embeddedframework;
			sourceTree = "<group>";
		};
		C7FC280E177CC2CB000B5D59 /* Resources */ = {
			isa = PBXGroup;
			children = (
				C7FC280F177CC2CB000B5D59 /* aqua.png */,
				C7FC2810177CC2CB000B5D59 /* bluechatbubble.png */,
				C7FC2811177CC2CB000B5D59 /* CrossPromoViewController.nib */,
				C7FC2812177CC2CB000B5D59 /* FacebookIcon.png */,
				C7FC2813177CC2CB000B5D59 /* FacebookSDKResources.bundle */,
				C7FC2814177CC2CB000B5D59 /* fb_connect.png */,
				C7FC2815177CC2CB000B5D59 /* FBLoginBackgroundLandscape.png */,
				C7FC2816177CC2CB000B5D59 /* FBLoginBackgroundLandscape@2x.png */,
				C7FC2817177CC2CB000B5D59 /* FBLoginBackgroundLandscapeDark.png */,
				C7FC2818177CC2CB000B5D59 /* FBLoginBackgroundPortrait.png */,
				C7FC2819177CC2CB000B5D59 /* FBLoginBackgroundPortrait@2x.png */,
				C7FC281A177CC2CB000B5D59 /* FBLoginBackgroundPortraitDark.png */,
				C7FC281B177CC2CB000B5D59 /* FBLoginButton.png */,
				C7FC281C177CC2CB000B5D59 /* FBLoginButton@2x.png */,
				C7FC281D177CC2CB000B5D59 /* FBLoginButtonPressed.png */,
				C7FC281E177CC2CB000B5D59 /* FBLoginButtonPressed@2x.png */,
				C7FC281F177CC2CB000B5D59 /* FBNoThanksButton.png */,
				C7FC2820177CC2CB000B5D59 /* FBNoThanksButton@2x.png */,
				C7FC2821177CC2CB000B5D59 /* FBNoThanksButtonPressed.png */,
				C7FC2822177CC2CB000B5D59 /* FBNoThanksButtonPressed@2x.png */,
				C7FC2823177CC2CB000B5D59 /* green.png */,
				C7FC2824177CC2CB000B5D59 /* grey-background.png */,
				C7FC2825177CC2CB000B5D59 /* hipmob.back.btn.png */,
				C7FC2826177CC2CB000B5D59 /* hipmob.send.png */,
				C7FC2827177CC2CB000B5D59 /* hipmobsend_field.png */,
				C7FC2828177CC2CB000B5D59 /* hipmobsend_field@2x.png */,
				C7FC2829177CC2CB000B5D59 /* mgwu-gk-notification.png */,
				C7FC282A177CC2CB000B5D59 /* mgwu-gk-notification@2x.png */,
				C7FC282B177CC2CB000B5D59 /* mgwu-m.png */,
				C7FC282C177CC2CB000B5D59 /* mgwu-m@2x.png */,
				C7FC282D177CC2CB000B5D59 /* MGWUClose.png */,
				C7FC282E177CC2CB000B5D59 /* MGWUClose@2x.png */,
				C7FC282F177CC2CB000B5D59 /* MGWUFacebookLoginLandscape.nib */,
				C7FC2830177CC2CB000B5D59 /* MGWUFacebookLoginLandscapeDark.nib */,
				C7FC2831177CC2CB000B5D59 /* MGWUFacebookLoginPortrait.nib */,
				C7FC2832177CC2CB000B5D59 /* MGWUFacebookLoginPortraitDark.nib */,
				C7FC2833177CC2CB000B5D59 /* mgwulogo.png */,
				C7FC2834177CC2CB000B5D59 /* mgwuLogo@2x.png */,
				C7FC2835177CC2CB000B5D59 /* mgwuLogoDark.png */,
				C7FC2836177CC2CB000B5D59 /* mgwuLogoDark@2x.png */,
				C7FC2837177CC2CB000B5D59 /* mgwuPlaceholderIcon.png */,
				C7FC2838177CC2CB000B5D59 /* mgwuPlaceholderIcon@2x.png */,
				C7FC2839177CC2CB000B5D59 /* mgwuPlaceholderIconDark.png */,
				C7FC283A177CC2CB000B5D59 /* mgwuPlaceholderIconDark@2x.png */,
				C7FC283B177CC2CB000B5D59 /* operator.available.png */,
				C7FC283C177CC2CB000B5D59 /* operator.connecting.png */,
				C7FC283D177CC2CB000B5D59 /* operator.unavailable.png */,
				C7FC283E177CC2CB000B5D59 /* send-button-active.png */,
				C7FC283F177CC2CB000B5D59 /* send-button-inactive.png */,
				C7FC2840177CC2CB000B5D59 /* send-button-instate.png */,
				C7FC2841177CC2CB000B5D59 /* send-field-landscape.png */,
			);
			path = Resources;
			sourceTree = "<group>";
		};
		DCC1A0D613A94EC0005BD75D = {
			isa = PBXGroup;
			children = (
				C7FC2808177CBD84000B5D59 /* Twitter.framework */,
				C7FC2806177CBD7D000B5D59 /* SystemConfiguration.framework */,
				C7FC2804177CBD75000B5D59 /* StoreKit.framework */,
				C7FC2802177CBD6C000B5D59 /* Social.framework */,
				C7FC2800177CBD64000B5D59 /* Security.framework */,
				C7FC27FE177CBD5B000B5D59 /* MessageUI.framework */,
				C7FC27FC177CBD2E000B5D59 /* libicucore.dylib */,
				C7FC27FA177CBD21000B5D59 /* CoreTelephony.framework */,
				C7FC27F8177CBD18000B5D59 /* CFNetwork.framework */,
				C7FC27F6177CBD0E000B5D59 /* AdSupport.framework */,
				C7FC27F4177CBD04000B5D59 /* Accounts.framework */,
				C7FC27F2177CBCE5000B5D59 /* AddressBook.framework */,
				DCC1A38C13A94F1A005BD75D /* Projectfiles */,
				DCC1A0F713A94ED5005BD75D /* Projectfiles-iOS */,
				DCC1A26413A94EE6005BD75D /* Projectfiles-Mac */,
				DCFA90ED13B4F6A0009DD35A /* BuildSettings */,
				DCC1A0E613A94ED5005BD75D /* Frameworks */,
				DCC1A0E413A94ED5005BD75D /* Products */,
			);
			sourceTree = "<group>";
		};
		DCC1A0E413A94ED5005BD75D /* Products */ = {
			isa = PBXGroup;
			children = (
				DCC1A0E313A94ED5005BD75D /* Moon Landing-iOS.app */,
				DCC1A25A13A94EE6005BD75D /* Moon Landing-Mac.app */,
			);
			name = Products;
			sourceTree = "<group>";
		};
		DCC1A0E613A94ED5005BD75D /* Frameworks */ = {
			isa = PBXGroup;
			children = (
				C7FC280C177CC2CB000B5D59 /* mgwuSDK.embeddedframework */,
			);
			name = Frameworks;
			sourceTree = "<group>";
		};
		DCC1A0F713A94ED5005BD75D /* Projectfiles-iOS */ = {
			isa = PBXGroup;
			children = (
				DCC1A0F813A94ED5005BD75D /* Resources */,
			);
			path = "Projectfiles-iOS";
			sourceTree = "<group>";
		};
		DCC1A0F813A94ED5005BD75D /* Resources */ = {
			isa = PBXGroup;
			children = (
				DC2721A7160CAFA600D88944 /* iTunesArtwork */,
				DC21B88A1511078F00FD4891 /* fps_images.png */,
				DC21B8881511078F00FD4891 /* fps_images-hd.png */,
				DC21B8891511078F00FD4891 /* fps_images-ipadhd.png */,
				DCC1A0F913A94ED5005BD75D /* Default.png */,
				DC27219E160CADFF00D88944 /* Default-568h@2x.png */,
				DCC1A0FD13A94ED5005BD75D /* Icon-72.png */,
				DCC1A0FF13A94ED5005BD75D /* Icon-Small-50.png */,
				DCC1A10113A94ED5005BD75D /* Icon-Small.png */,
				DCC1A10313A94ED5005BD75D /* Icon-Small@2x.png */,
				DCC1A10513A94ED5005BD75D /* Icon.png */,
				DCC1A10713A94ED5005BD75D /* Icon@2x.png */,
				DCC1A10913A94ED5005BD75D /* Info.plist */,
			);
			path = Resources;
			sourceTree = "<group>";
		};
		DCC1A26413A94EE6005BD75D /* Projectfiles-Mac */ = {
			isa = PBXGroup;
			children = (
				DCC1A26513A94EE6005BD75D /* Resources */,
			);
			path = "Projectfiles-Mac";
			sourceTree = "<group>";
		};
		DCC1A26513A94EE6005BD75D /* Resources */ = {
			isa = PBXGroup;
			children = (
				DC21B88E1511079900FD4891 /* fps_images.png */,
				DCC1A26F13A94EE6005BD75D /* icon.icns */,
				DCC1A27113A94EE6005BD75D /* Info.plist */,
				DCC1A26613A94EE6005BD75D /* English.lproj */,
			);
			name = Resources;
			sourceTree = "<group>";
		};
		DCC1A26613A94EE6005BD75D /* English.lproj */ = {
			isa = PBXGroup;
			children = (
				DCC1A26713A94EE6005BD75D /* InfoPlist.strings */,
				DCC1A26A13A94EE6005BD75D /* MainMenu.xib */,
			);
			name = English.lproj;
			sourceTree = "<group>";
		};
		DCC1A38C13A94F1A005BD75D /* Projectfiles */ = {
			isa = PBXGroup;
			children = (
				DCC1A38F13A94F1A005BD75D /* HelloWorldLayer.h */,
				DCC1A39013A94F1A005BD75D /* HelloWorldLayer.mm */,
				C73E19A11773AE010004BB0A /* GameOver.h */,
				C73E19A21773AE010004BB0A /* GameOver.mm */,
				C77117841778FB1100EB508B /* PauseLayer.h */,
				C77117851778FB1100EB508B /* PauseLayer.mm */,
				C74659FF177A364400DB24E7 /* StartMenuLayer.h */,
				C7465A00177A364400DB24E7 /* StartMenuLayer.mm */,
				C7FC2878177CFC1E000B5D59 /* StatLayer.h */,
				C7FC2879177CFC1E000B5D59 /* StatLayer.mm */,
				C7F1D723177E495F000FEE67 /* StoreLayer.h */,
				C7F1D724177E495F000FEE67 /* StoreLayer.mm */,
				C7F1D720177E1AAA000FEE67 /* LeaderBoardPlayer.h */,
				C7F1D721177E1AAB000FEE67 /* LeaderBoardPlayer.m */,
				DCC1A38D13A94F1A005BD75D /* AppDelegate.h */,
				DCC1A38E13A94F1A005BD75D /* AppDelegate.m */,
				DCC1A39413A94F1A005BD75D /* Resources */,
				DCC1A3CF13A94F2C005BD75D /* Supporting Files */,
			);
			path = Projectfiles;
			sourceTree = "<group>";
		};
		DCC1A39413A94F1A005BD75D /* Resources */ = {
			isa = PBXGroup;
			children = (
				C7FC2876177CD756000B5D59 /* Spacera.ttf */,
				C771177A1778D11500EB508B /* PipeDream.ttf */,
				C73E19A61773B2650004BB0A /* Roboto.ttf */,
				C758BB5C17750061005106E7 /* expldata.plist */,
				C758BB5D17750061005106E7 /* expldata.png */,
				C77117801778F98800EB508B /* pause-hd.png */,
				C77117811778F98800EB508B /* pause.png */,
				C7945154176FB6480053FB62 /* border-hd.png */,
				C758BB501774EABF005106E7 /* ship3-hd.png */,
				C758BB511774EABF005106E7 /* ship2-hd.png */,
				C758BB521774EABF005106E7 /* ship1-hd.png */,
				C758BB531774EABF005106E7 /* ship1.png */,
				C758BB541774EABF005106E7 /* ship2.png */,
				C758BB551774EABF005106E7 /* ship3.png */,
				C794515C176FC8EB0053FB62 /* border.png */,
				C7945155176FB6480053FB62 /* section1-hd.png */,
				C7945156176FB6480053FB62 /* section2-hd.png */,
				C7945157176FB6480053FB62 /* section3-hd.png */,
				C7945152176FB3AE0053FB62 /* section3.png */,
				C73B8263176FAD2F007C0FE6 /* section2.png */,
				C73B825F176FA8D4007C0FE6 /* section1.png */,
				C74659FB177A205200DB24E7 /* PowerupBorder-hd.png */,
				C74659FC177A205200DB24E7 /* PowerupBorder.png */,
				C771177C1778DA3300EB508B /* ship-hd.png */,
				C771177E1778DFF800EB508B /* fire.png */,
				DCC1A39513A94F1A005BD75D /* config.lua */,
			);
			path = Resources;
			sourceTree = "<group>";
		};
		DCC1A3CF13A94F2C005BD75D /* Supporting Files */ = {
			isa = PBXGroup;
			children = (
				DCC1A39113A94F1A005BD75D /* main.m */,
				DCC1A39213A94F1A005BD75D /* Prefix-iOS.pch */,
				DCC1A39313A94F1A005BD75D /* Prefix-Mac.pch */,
			);
			name = "Supporting Files";
			sourceTree = "<group>";
		};
		DCFA90ED13B4F6A0009DD35A /* BuildSettings */ = {
			isa = PBXGroup;
			children = (
				DCFA90EF13B4F6F7009DD35A /* BuildSettings-Debug-iOS.xcconfig */,
				DCFA90F013B4F811009DD35A /* BuildSettings-Release-iOS.xcconfig */,
				DC3BE97813B4FB71003739CC /* BuildSettings-iOS.xcconfig */,
				DC9C33E713B5024400931BF2 /* BuildSettings-Debug-Mac.xcconfig */,
				DC9C33E913B5024400931BF2 /* BuildSettings-Release-Mac.xcconfig */,
				DC9C33E813B5024400931BF2 /* BuildSettings-Mac.xcconfig */,
			);
			path = BuildSettings;
			sourceTree = "<group>";
		};
/* End PBXGroup section */

/* Begin PBXNativeTarget section */
		DCC1A0E213A94ED5005BD75D /* Moon Landing-iOS */ = {
			isa = PBXNativeTarget;
			buildConfigurationList = DCC1A25313A94ED7005BD75D /* Build configuration list for PBXNativeTarget "Moon Landing-iOS" */;
			buildPhases = (
				DCC1A0DF13A94ED5005BD75D /* Sources */,
				DCC1A0E013A94ED5005BD75D /* Frameworks */,
				DCC1A0E113A94ED5005BD75D /* Resources */,
			);
			buildRules = (
			);
			dependencies = (
			);
			name = "Moon Landing-iOS";
			productName = "Hello-World-iOS";
			productReference = DCC1A0E313A94ED5005BD75D /* Moon Landing-iOS.app */;
			productType = "com.apple.product-type.application";
		};
		DCC1A25913A94EE6005BD75D /* Moon Landing-Mac */ = {
			isa = PBXNativeTarget;
			buildConfigurationList = DCC1A38913A94EE7005BD75D /* Build configuration list for PBXNativeTarget "Moon Landing-Mac" */;
			buildPhases = (
				DCC1A25613A94EE6005BD75D /* Sources */,
				DCC1A25713A94EE6005BD75D /* Frameworks */,
				DCC1A25813A94EE6005BD75D /* Resources */,
			);
			buildRules = (
			);
			dependencies = (
			);
			name = "Moon Landing-Mac";
			productName = "Hello-World-Mac";
			productReference = DCC1A25A13A94EE6005BD75D /* Moon Landing-Mac.app */;
			productType = "com.apple.product-type.application";
		};
/* End PBXNativeTarget section */

/* Begin PBXProject section */
		DCC1A0D813A94EC0005BD75D /* Project object */ = {
			isa = PBXProject;
			attributes = {
				LastUpgradeCheck = 0460;
			};
			buildConfigurationList = DCC1A0DB13A94EC0005BD75D /* Build configuration list for PBXProject "Moon Landing" */;
			compatibilityVersion = "Xcode 3.2";
			developmentRegion = English;
			hasScannedForEncodings = 0;
			knownRegions = (
				en,
				English,
			);
			mainGroup = DCC1A0D613A94EC0005BD75D;
			productRefGroup = DCC1A0E413A94ED5005BD75D /* Products */;
			projectDirPath = "";
			projectRoot = "";
			targets = (
				DCC1A0E213A94ED5005BD75D /* Moon Landing-iOS */,
				DCC1A25913A94EE6005BD75D /* Moon Landing-Mac */,
			);
		};
/* End PBXProject section */

/* Begin PBXResourcesBuildPhase section */
		DCC1A0E113A94ED5005BD75D /* Resources */ = {
			isa = PBXResourcesBuildPhase;
			buildActionMask = 2147483647;
			files = (
				DCC1A0FA13A94ED5005BD75D /* Default.png in Resources */,
				DCC1A0FE13A94ED5005BD75D /* Icon-72.png in Resources */,
				DCC1A10013A94ED5005BD75D /* Icon-Small-50.png in Resources */,
				DCC1A10213A94ED5005BD75D /* Icon-Small.png in Resources */,
				DCC1A10413A94ED5005BD75D /* Icon-Small@2x.png in Resources */,
				DCC1A10613A94ED5005BD75D /* Icon.png in Resources */,
				DCC1A10813A94ED5005BD75D /* Icon@2x.png in Resources */,
				DCC1A3AF13A94F1A005BD75D /* config.lua in Resources */,
				DC21B88B1511078F00FD4891 /* fps_images-hd.png in Resources */,
				DC21B88C1511078F00FD4891 /* fps_images-ipadhd.png in Resources */,
				DC21B88D1511078F00FD4891 /* fps_images.png in Resources */,
				DC27219F160CADFF00D88944 /* Default-568h@2x.png in Resources */,
				DC2721A8160CAFA600D88944 /* iTunesArtwork in Resources */,
				C73B8260176FA8D4007C0FE6 /* section1.png in Resources */,
				C73B8264176FAD2F007C0FE6 /* section2.png in Resources */,
				C7945153176FB3AE0053FB62 /* section3.png in Resources */,
				C7945158176FB6480053FB62 /* border-hd.png in Resources */,
				C7945159176FB6480053FB62 /* section1-hd.png in Resources */,
				C794515A176FB6480053FB62 /* section2-hd.png in Resources */,
				C794515B176FB6480053FB62 /* section3-hd.png in Resources */,
				C794515D176FC8EB0053FB62 /* border.png in Resources */,
				C73E19A71773B2660004BB0A /* Roboto.ttf in Resources */,
				C758BB561774EABF005106E7 /* ship3-hd.png in Resources */,
				C758BB571774EABF005106E7 /* ship2-hd.png in Resources */,
				C758BB581774EABF005106E7 /* ship1-hd.png in Resources */,
				C758BB591774EABF005106E7 /* ship1.png in Resources */,
				C758BB5A1774EABF005106E7 /* ship2.png in Resources */,
				C758BB5B1774EABF005106E7 /* ship3.png in Resources */,
				C758BB5E17750061005106E7 /* expldata.plist in Resources */,
				C758BB5F17750061005106E7 /* expldata.png in Resources */,
				C771177B1778D11500EB508B /* PipeDream.ttf in Resources */,
				C771177D1778DA3300EB508B /* ship-hd.png in Resources */,
				C771177F1778DFF800EB508B /* fire.png in Resources */,
				C77117821778F98800EB508B /* pause-hd.png in Resources */,
				C77117831778F98800EB508B /* pause.png in Resources */,
				C74659FD177A205200DB24E7 /* PowerupBorder-hd.png in Resources */,
				C74659FE177A205200DB24E7 /* PowerupBorder.png in Resources */,
				C7FC2843177CC2CB000B5D59 /* aqua.png in Resources */,
				C7FC2844177CC2CB000B5D59 /* bluechatbubble.png in Resources */,
				C7FC2845177CC2CB000B5D59 /* CrossPromoViewController.nib in Resources */,
				C7FC2846177CC2CB000B5D59 /* FacebookIcon.png in Resources */,
				C7FC2847177CC2CB000B5D59 /* FacebookSDKResources.bundle in Resources */,
				C7FC2848177CC2CB000B5D59 /* fb_connect.png in Resources */,
				C7FC2849177CC2CB000B5D59 /* FBLoginBackgroundLandscape.png in Resources */,
				C7FC284A177CC2CB000B5D59 /* FBLoginBackgroundLandscape@2x.png in Resources */,
				C7FC284B177CC2CB000B5D59 /* FBLoginBackgroundLandscapeDark.png in Resources */,
				C7FC284C177CC2CB000B5D59 /* FBLoginBackgroundPortrait.png in Resources */,
				C7FC284D177CC2CB000B5D59 /* FBLoginBackgroundPortrait@2x.png in Resources */,
				C7FC284E177CC2CB000B5D59 /* FBLoginBackgroundPortraitDark.png in Resources */,
				C7FC284F177CC2CB000B5D59 /* FBLoginButton.png in Resources */,
				C7FC2850177CC2CB000B5D59 /* FBLoginButton@2x.png in Resources */,
				C7FC2851177CC2CB000B5D59 /* FBLoginButtonPressed.png in Resources */,
				C7FC2852177CC2CB000B5D59 /* FBLoginButtonPressed@2x.png in Resources */,
				C7FC2853177CC2CB000B5D59 /* FBNoThanksButton.png in Resources */,
				C7FC2854177CC2CB000B5D59 /* FBNoThanksButton@2x.png in Resources */,
				C7FC2855177CC2CB000B5D59 /* FBNoThanksButtonPressed.png in Resources */,
				C7FC2856177CC2CB000B5D59 /* FBNoThanksButtonPressed@2x.png in Resources */,
				C7FC2857177CC2CB000B5D59 /* green.png in Resources */,
				C7FC2858177CC2CB000B5D59 /* grey-background.png in Resources */,
				C7FC2859177CC2CB000B5D59 /* hipmob.back.btn.png in Resources */,
				C7FC285A177CC2CB000B5D59 /* hipmob.send.png in Resources */,
				C7FC285B177CC2CB000B5D59 /* hipmobsend_field.png in Resources */,
				C7FC285C177CC2CB000B5D59 /* hipmobsend_field@2x.png in Resources */,
				C7FC285D177CC2CB000B5D59 /* mgwu-gk-notification.png in Resources */,
				C7FC285E177CC2CB000B5D59 /* mgwu-gk-notification@2x.png in Resources */,
				C7FC285F177CC2CB000B5D59 /* mgwu-m.png in Resources */,
				C7FC2860177CC2CB000B5D59 /* mgwu-m@2x.png in Resources */,
				C7FC2861177CC2CB000B5D59 /* MGWUClose.png in Resources */,
				C7FC2862177CC2CB000B5D59 /* MGWUClose@2x.png in Resources */,
				C7FC2863177CC2CB000B5D59 /* MGWUFacebookLoginLandscape.nib in Resources */,
				C7FC2864177CC2CB000B5D59 /* MGWUFacebookLoginLandscapeDark.nib in Resources */,
				C7FC2865177CC2CB000B5D59 /* MGWUFacebookLoginPortrait.nib in Resources */,
				C7FC2866177CC2CB000B5D59 /* MGWUFacebookLoginPortraitDark.nib in Resources */,
				C7FC2867177CC2CB000B5D59 /* mgwulogo.png in Resources */,
				C7FC2868177CC2CB000B5D59 /* mgwuLogo@2x.png in Resources */,
				C7FC2869177CC2CB000B5D59 /* mgwuLogoDark.png in Resources */,
				C7FC286A177CC2CB000B5D59 /* mgwuLogoDark@2x.png in Resources */,
				C7FC286B177CC2CB000B5D59 /* mgwuPlaceholderIcon.png in Resources */,
				C7FC286C177CC2CB000B5D59 /* mgwuPlaceholderIcon@2x.png in Resources */,
				C7FC286D177CC2CB000B5D59 /* mgwuPlaceholderIconDark.png in Resources */,
				C7FC286E177CC2CB000B5D59 /* mgwuPlaceholderIconDark@2x.png in Resources */,
				C7FC286F177CC2CB000B5D59 /* operator.available.png in Resources */,
				C7FC2870177CC2CB000B5D59 /* operator.connecting.png in Resources */,
				C7FC2871177CC2CB000B5D59 /* operator.unavailable.png in Resources */,
				C7FC2872177CC2CB000B5D59 /* send-button-active.png in Resources */,
				C7FC2873177CC2CB000B5D59 /* send-button-inactive.png in Resources */,
				C7FC2874177CC2CB000B5D59 /* send-button-instate.png in Resources */,
				C7FC2875177CC2CB000B5D59 /* send-field-landscape.png in Resources */,
				C7FC2877177CD756000B5D59 /* Spacera.ttf in Resources */,
			);
			runOnlyForDeploymentPostprocessing = 0;
		};
		DCC1A25813A94EE6005BD75D /* Resources */ = {
			isa = PBXResourcesBuildPhase;
			buildActionMask = 2147483647;
			files = (
				DCC1A26913A94EE6005BD75D /* InfoPlist.strings in Resources */,
				DCC1A26C13A94EE6005BD75D /* MainMenu.xib in Resources */,
				DCC1A27013A94EE6005BD75D /* icon.icns in Resources */,
				DCC1A3B013A94F1A005BD75D /* config.lua in Resources */,
				DC21B88F1511079900FD4891 /* fps_images.png in Resources */,
			);
			runOnlyForDeploymentPostprocessing = 0;
		};
/* End PBXResourcesBuildPhase section */

/* Begin PBXSourcesBuildPhase section */
		DCC1A0DF13A94ED5005BD75D /* Sources */ = {
			isa = PBXSourcesBuildPhase;
			buildActionMask = 2147483647;
			files = (
				DCC1A3A913A94F1A005BD75D /* AppDelegate.m in Sources */,
				DCC1A3AB13A94F1A005BD75D /* HelloWorldLayer.mm in Sources */,
				DCC1A3AD13A94F1A005BD75D /* main.m in Sources */,
				C73E19A31773AE010004BB0A /* GameOver.mm in Sources */,
				C77117861778FB1100EB508B /* PauseLayer.mm in Sources */,
				C7465A01177A364400DB24E7 /* StartMenuLayer.mm in Sources */,
				C7FC287A177CFC1E000B5D59 /* StatLayer.mm in Sources */,
				C7F1D722177E1AAB000FEE67 /* LeaderBoardPlayer.m in Sources */,
				C7F1D725177E495F000FEE67 /* StoreLayer.mm in Sources */,
			);
			runOnlyForDeploymentPostprocessing = 0;
		};
		DCC1A25613A94EE6005BD75D /* Sources */ = {
			isa = PBXSourcesBuildPhase;
			buildActionMask = 2147483647;
			files = (
				DCC1A3AA13A94F1A005BD75D /* AppDelegate.m in Sources */,
				DCC1A3AC13A94F1A005BD75D /* HelloWorldLayer.mm in Sources */,
				DCC1A3AE13A94F1A005BD75D /* main.m in Sources */,
			);
			runOnlyForDeploymentPostprocessing = 0;
		};
/* End PBXSourcesBuildPhase section */

/* Begin PBXVariantGroup section */
		DCC1A26713A94EE6005BD75D /* InfoPlist.strings */ = {
			isa = PBXVariantGroup;
			children = (
				DCC1A26813A94EE6005BD75D /* English */,
			);
			name = InfoPlist.strings;
			sourceTree = "<group>";
		};
		DCC1A26A13A94EE6005BD75D /* MainMenu.xib */ = {
			isa = PBXVariantGroup;
			children = (
				DCC1A26B13A94EE6005BD75D /* English */,
			);
			name = MainMenu.xib;
			sourceTree = "<group>";
		};
/* End PBXVariantGroup section */

/* Begin XCBuildConfiguration section */
		DCC1A0DD13A94EC0005BD75D /* Debug */ = {
			isa = XCBuildConfiguration;
			buildSettings = {
			};
			name = Debug;
		};
		DCC1A0DE13A94EC0005BD75D /* Release */ = {
			isa = XCBuildConfiguration;
			buildSettings = {
			};
			name = Release;
		};
		DCC1A25413A94ED7005BD75D /* Debug */ = {
			isa = XCBuildConfiguration;
			baseConfigurationReference = DCFA90EF13B4F6F7009DD35A /* BuildSettings-Debug-iOS.xcconfig */;
			buildSettings = {
				FRAMEWORK_SEARCH_PATHS = (
					"$(inherited)",
					"\"$(SRCROOT)/mgwuSDK.embeddedframework\"",
				);
				New_Setting = "";
				OTHER_LDFLAGS = (
					"-lsqlite3.0",
					"$(KKFRAMEWORKS_IOS)",
					"$(inherited)",
				);
			};
			name = Debug;
		};
		DCC1A25513A94ED7005BD75D /* Release */ = {
			isa = XCBuildConfiguration;
			baseConfigurationReference = DCFA90F013B4F811009DD35A /* BuildSettings-Release-iOS.xcconfig */;
			buildSettings = {
				FRAMEWORK_SEARCH_PATHS = (
					"$(inherited)",
					"\"$(SRCROOT)/mgwuSDK.embeddedframework\"",
				);
				New_Setting = "";
				OTHER_LDFLAGS = (
					"-lsqlite3.0",
					"$(KKFRAMEWORKS_IOS)",
					"$(inherited)",
				);
			};
			name = Release;
		};
		DCC1A38A13A94EE7005BD75D /* Debug */ = {
			isa = XCBuildConfiguration;
			baseConfigurationReference = DC9C33E713B5024400931BF2 /* BuildSettings-Debug-Mac.xcconfig */;
			buildSettings = {
				COMBINE_HIDPI_IMAGES = YES;
			};
			name = Debug;
		};
		DCC1A38B13A94EE7005BD75D /* Release */ = {
			isa = XCBuildConfiguration;
			baseConfigurationReference = DC9C33E913B5024400931BF2 /* BuildSettings-Release-Mac.xcconfig */;
			buildSettings = {
				COMBINE_HIDPI_IMAGES = YES;
			};
			name = Release;
		};
/* End XCBuildConfiguration section */

/* Begin XCConfigurationList section */
		DCC1A0DB13A94EC0005BD75D /* Build configuration list for PBXProject "Moon Landing" */ = {
			isa = XCConfigurationList;
			buildConfigurations = (
				DCC1A0DD13A94EC0005BD75D /* Debug */,
				DCC1A0DE13A94EC0005BD75D /* Release */,
			);
			defaultConfigurationIsVisible = 0;
			defaultConfigurationName = Release;
		};
		DCC1A25313A94ED7005BD75D /* Build configuration list for PBXNativeTarget "Moon Landing-iOS" */ = {
			isa = XCConfigurationList;
			buildConfigurations = (
				DCC1A25413A94ED7005BD75D /* Debug */,
				DCC1A25513A94ED7005BD75D /* Release */,
			);
			defaultConfigurationIsVisible = 0;
			defaultConfigurationName = Release;
		};
		DCC1A38913A94EE7005BD75D /* Build configuration list for PBXNativeTarget "Moon Landing-Mac" */ = {
			isa = XCConfigurationList;
			buildConfigurations = (
				DCC1A38A13A94EE7005BD75D /* Debug */,
				DCC1A38B13A94EE7005BD75D /* Release */,
			);
			defaultConfigurationIsVisible = 0;
			defaultConfigurationName = Release;
		};
/* End XCConfigurationList section */
	};
	rootObject = DCC1A0D813A94EC0005BD75D /* Project object */;
}
